
Microsoft Visual Studio Solution File, Format Version 12.00
# Visual Studio Version 16
VisualStudioVersion = 16.0.32901.82
MinimumVisualStudioVersion = 10.0.40219.1
Project("{FAE04EC0-301F-11D3-BF4B-00C04F79EFBC}") = "De2", "De2\De2.csproj", "{0235310F-EFDE-40A8-AF8D-C91746E92EC9}"
EndProject
Global
	GlobalSection(SolutionConfigurationPlatforms) = preSolution
		Debug|Any CPU = Debug|Any CPU
		Release|Any CPU = Release|Any CPU
	EndGlobalSection
	GlobalSection(ProjectConfigurationPlatforms) = postSolution
		{0235310F-EFDE-40A8-AF8D-C91746E92EC9}.Debug|Any CPU.ActiveCfg = Debug|Any CPU
		{0235310F-EFDE-40A8-AF8D-C91746E92EC9}.Debug|Any CPU.Build.0 = Debug|Any CPU
		{0235310F-EFDE-40A8-AF8D-C91746E92EC9}.Release|Any CPU.ActiveCfg = Release|Any CPU
		{0235310F-EFDE-40A8-AF8D-C91746E92EC9}.Release|Any CPU.Build.0 = Release|Any CPU
	EndGlobalSection
	GlobalSection(SolutionProperties) = preSolution
		HideSolutionNode = FALSE
	EndGlobalSection
	GlobalSection(ExtensibilityGlobals) = postSolution
		SolutionGuid = {240BF8EA-63AE-4239-9BDA-3961B1C9D690}
	EndGlobalSection
EndGlobal
